
Microsoft Visual Studio Solution File, Format Version 11.00
# Visual Studio 2010
Project("{FAE04EC0-301F-11D3-BF4B-00C04F79EFBC}") = "Gibbed.RED.FileFormats", "Gibbed.RED.FileFormats\Gibbed.RED.FileFormats.csproj", "{B167294C-8BD0-4165-B06F-42F876BE76E0}"
EndProject
Project("{FAE04EC0-301F-11D3-BF4B-00C04F79EFBC}") = "Gibbed.Helpers", "Gibbed.Helpers\Gibbed.Helpers.csproj", "{5162A9FB-4DE1-4BBF-B7A2-5E8116AB0D26}"
EndProject
Project("{FAE04EC0-301F-11D3-BF4B-00C04F79EFBC}") = "NDesk.Options", "NDesk.Options\NDesk.Options.csproj", "{C98A6CD6-9422-4B35-8B7A-F520D75534D1}"
EndProject
Project("{2150E333-8FDC-42A3-9474-1A3956D46DE8}") = "Misc", "Misc", "{1AA13AD7-C892-4FC1-8244-6ADD1DF2C655}"
EndProject
Project("{FAE04EC0-301F-11D3-BF4B-00C04F79EFBC}") = "Gibbed.RED.Test", "Gibbed.RED.Test\Gibbed.RED.Test.csproj", "{E04BF231-E9DA-4C72-BC2E-9F1E8CFCD74A}"
EndProject
Project("{FAE04EC0-301F-11D3-BF4B-00C04F79EFBC}") = "Gibbed.RED.Unpack", "Gibbed.RED.Unpack\Gibbed.RED.Unpack.csproj", "{0AA5F16C-FE58-4A0E-9867-F94DD942C73D}"
EndProject
Project("{FAE04EC0-301F-11D3-BF4B-00C04F79EFBC}") = "Gibbed.RED.ResourceEdit", "Gibbed.RED.ResourceEdit\Gibbed.RED.ResourceEdit.csproj", "{3D94AE98-D2B4-49A2-B131-7BCD49591FEE}"
EndProject
Project("{FAE04EC0-301F-11D3-BF4B-00C04F79EFBC}") = "Gibbed.Squish", "Gibbed.Squish\Gibbed.Squish.csproj", "{242D0738-AA4C-4C9C-A218-891A8F55559C}"
EndProject
Project("{FAE04EC0-301F-11D3-BF4B-00C04F79EFBC}") = "Gibbed.RED.Pack", "Gibbed.RED.Pack\Gibbed.RED.Pack.csproj", "{D77D314C-9671-47D9-B95C-4DAB17B194F6}"
EndProject
Project("{FAE04EC0-301F-11D3-BF4B-00C04F79EFBC}") = "Gibbed.RED.Strings", "Gibbed.RED.Strings\Gibbed.RED.Strings.csproj", "{93A83F4D-07BA-4978-A442-3BA668915A88}"
EndProject
Global
	GlobalSection(SolutionConfigurationPlatforms) = preSolution
		Debug|Any CPU = Debug|Any CPU
		Debug|Mixed Platforms = Debug|Mixed Platforms
		Debug|x86 = Debug|x86
		Release|Any CPU = Release|Any CPU
		Release|Mixed Platforms = Release|Mixed Platforms
		Release|x86 = Release|x86
	EndGlobalSection
	GlobalSection(ProjectConfigurationPlatforms) = postSolution
		{B167294C-8BD0-4165-B06F-42F876BE76E0}.Debug|Any CPU.ActiveCfg = Debug|Any CPU
		{B167294C-8BD0-4165-B06F-42F876BE76E0}.Debug|Any CPU.Build.0 = Debug|Any CPU
		{B167294C-8BD0-4165-B06F-42F876BE76E0}.Debug|Mixed Platforms.ActiveCfg = Debug|Any CPU
		{B167294C-8BD0-4165-B06F-42F876BE76E0}.Debug|Mixed Platforms.Build.0 = Debug|Any CPU
		{B167294C-8BD0-4165-B06F-42F876BE76E0}.Debug|x86.ActiveCfg = Debug|Any CPU
		{B167294C-8BD0-4165-B06F-42F876BE76E0}.Release|Any CPU.ActiveCfg = Release|Any CPU
		{B167294C-8BD0-4165-B06F-42F876BE76E0}.Release|Any CPU.Build.0 = Release|Any CPU
		{B167294C-8BD0-4165-B06F-42F876BE76E0}.Release|Mixed Platforms.ActiveCfg = Release|Any CPU
		{B167294C-8BD0-4165-B06F-42F876BE76E0}.Release|Mixed Platforms.Build.0 = Release|Any CPU
		{B167294C-8BD0-4165-B06F-42F876BE76E0}.Release|x86.ActiveCfg = Release|Any CPU
		{5162A9FB-4DE1-4BBF-B7A2-5E8116AB0D26}.Debug|Any CPU.ActiveCfg = Debug|Any CPU
		{5162A9FB-4DE1-4BBF-B7A2-5E8116AB0D26}.Debug|Any CPU.Build.0 = Debug|Any CPU
		{5162A9FB-4DE1-4BBF-B7A2-5E8116AB0D26}.Debug|Mixed Platforms.ActiveCfg = Debug|Any CPU
		{5162A9FB-4DE1-4BBF-B7A2-5E8116AB0D26}.Debug|Mixed Platforms.Build.0 = Debug|Any CPU
		{5162A9FB-4DE1-4BBF-B7A2-5E8116AB0D26}.Debug|x86.ActiveCfg = Debug|Any CPU
		{5162A9FB-4DE1-4BBF-B7A2-5E8116AB0D26}.Release|Any CPU.ActiveCfg = Release|Any CPU
		{5162A9FB-4DE1-4BBF-B7A2-5E8116AB0D26}.Release|Any CPU.Build.0 = Release|Any CPU
		{5162A9FB-4DE1-4BBF-B7A2-5E8116AB0D26}.Release|Mixed Platforms.ActiveCfg = Release|Any CPU
		{5162A9FB-4DE1-4BBF-B7A2-5E8116AB0D26}.Release|Mixed Platforms.Build.0 = Release|Any CPU
		{5162A9FB-4DE1-4BBF-B7A2-5E8116AB0D26}.Release|x86.ActiveCfg = Release|Any CPU
		{C98A6CD6-9422-4B35-8B7A-F520D75534D1}.Debug|Any CPU.ActiveCfg = Debug|Any CPU
		{C98A6CD6-9422-4B35-8B7A-F520D75534D1}.Debug|Any CPU.Build.0 = Debug|Any CPU
		{C98A6CD6-9422-4B35-8B7A-F520D75534D1}.Debug|Mixed Platforms.ActiveCfg = Debug|Any CPU
		{C98A6CD6-9422-4B35-8B7A-F520D75534D1}.Debug|Mixed Platforms.Build.0 = Debug|Any CPU
		{C98A6CD6-9422-4B35-8B7A-F520D75534D1}.Debug|x86.ActiveCfg = Debug|Any CPU
		{C98A6CD6-9422-4B35-8B7A-F520D75534D1}.Release|Any CPU.ActiveCfg = Release|Any CPU
		{C98A6CD6-9422-4B35-8B7A-F520D75534D1}.Release|Any CPU.Build.0 = Release|Any CPU
		{C98A6CD6-9422-4B35-8B7A-F520D75534D1}.Release|Mixed Platforms.ActiveCfg = Release|Any CPU
		{C98A6CD6-9422-4B35-8B7A-F520D75534D1}.Release|Mixed Platforms.Build.0 = Release|Any CPU
		{C98A6CD6-9422-4B35-8B7A-F520D75534D1}.Release|x86.ActiveCfg = Release|Any CPU
		{E04BF231-E9DA-4C72-BC2E-9F1E8CFCD74A}.Debug|Any CPU.ActiveCfg = Debug|x86
		{E04BF231-E9DA-4C72-BC2E-9F1E8CFCD74A}.Debug|Mixed Platforms.ActiveCfg = Debug|x86
		{E04BF231-E9DA-4C72-BC2E-9F1E8CFCD74A}.Debug|Mixed Platforms.Build.0 = Debug|x86
		{E04BF231-E9DA-4C72-BC2E-9F1E8CFCD74A}.Debug|x86.ActiveCfg = Debug|x86
		{E04BF231-E9DA-4C72-BC2E-9F1E8CFCD74A}.Debug|x86.Build.0 = Debug|x86
		{E04BF231-E9DA-4C72-BC2E-9F1E8CFCD74A}.Release|Any CPU.ActiveCfg = Release|x86
		{E04BF231-E9DA-4C72-BC2E-9F1E8CFCD74A}.Release|Mixed Platforms.ActiveCfg = Release|x86
		{E04BF231-E9DA-4C72-BC2E-9F1E8CFCD74A}.Release|Mixed Platforms.Build.0 = Release|x86
		{E04BF231-E9DA-4C72-BC2E-9F1E8CFCD74A}.Release|x86.ActiveCfg = Release|x86
		{E04BF231-E9DA-4C72-BC2E-9F1E8CFCD74A}.Release|x86.Build.0 = Release|x86
		{0AA5F16C-FE58-4A0E-9867-F94DD942C73D}.Debug|Any CPU.ActiveCfg = Debug|x86
		{0AA5F16C-FE58-4A0E-9867-F94DD942C73D}.Debug|Mixed Platforms.ActiveCfg = Debug|x86
		{0AA5F16C-FE58-4A0E-9867-F94DD942C73D}.Debug|Mixed Platforms.Build.0 = Debug|x86
		{0AA5F16C-FE58-4A0E-9867-F94DD942C73D}.Debug|x86.ActiveCfg = Debug|x86
		{0AA5F16C-FE58-4A0E-9867-F94DD942C73D}.Debug|x86.Build.0 = Debug|x86
		{0AA5F16C-FE58-4A0E-9867-F94DD942C73D}.Release|Any CPU.ActiveCfg = Release|x86
		{0AA5F16C-FE58-4A0E-9867-F94DD942C73D}.Release|Mixed Platforms.ActiveCfg = Release|x86
		{0AA5F16C-FE58-4A0E-9867-F94DD942C73D}.Release|Mixed Platforms.Build.0 = Release|x86
		{0AA5F16C-FE58-4A0E-9867-F94DD942C73D}.Release|x86.ActiveCfg = Release|x86
		{0AA5F16C-FE58-4A0E-9867-F94DD942C73D}.Release|x86.Build.0 = Release|x86
		{3D94AE98-D2B4-49A2-B131-7BCD49591FEE}.Debug|Any CPU.ActiveCfg = Debug|x86
		{3D94AE98-D2B4-49A2-B131-7BCD49591FEE}.Debug|Mixed Platforms.ActiveCfg = Debug|x86
		{3D94AE98-D2B4-49A2-B131-7BCD49591FEE}.Debug|Mixed Platforms.Build.0 = Debug|x86
		{3D94AE98-D2B4-49A2-B131-7BCD49591FEE}.Debug|x86.ActiveCfg = Debug|x86
		{3D94AE98-D2B4-49A2-B131-7BCD49591FEE}.Debug|x86.Build.0 = Debug|x86
		{3D94AE98-D2B4-49A2-B131-7BCD49591FEE}.Release|Any CPU.ActiveCfg = Release|x86
		{3D94AE98-D2B4-49A2-B131-7BCD49591FEE}.Release|Mixed Platforms.ActiveCfg = Release|x86
		{3D94AE98-D2B4-49A2-B131-7BCD49591FEE}.Release|Mixed Platforms.Build.0 = Release|x86
		{3D94AE98-D2B4-49A2-B131-7BCD49591FEE}.Release|x86.ActiveCfg = Release|x86
		{3D94AE98-D2B4-49A2-B131-7BCD49591FEE}.Release|x86.Build.0 = Release|x86
		{242D0738-AA4C-4C9C-A218-891A8F55559C}.Debug|Any CPU.ActiveCfg = Debug|Any CPU
		{242D0738-AA4C-4C9C-A218-891A8F55559C}.Debug|Any CPU.Build.0 = Debug|Any CPU
		{242D0738-AA4C-4C9C-A218-891A8F55559C}.Debug|Mixed Platforms.ActiveCfg = Debug|Any CPU
		{242D0738-AA4C-4C9C-A218-891A8F55559C}.Debug|Mixed Platforms.Build.0 = Debug|Any CPU
		{242D0738-AA4C-4C9C-A218-891A8F55559C}.Debug|x86.ActiveCfg = Debug|Any CPU
		{242D0738-AA4C-4C9C-A218-891A8F55559C}.Release|Any CPU.ActiveCfg = Release|Any CPU
		{242D0738-AA4C-4C9C-A218-891A8F55559C}.Release|Any CPU.Build.0 = Release|Any CPU
		{242D0738-AA4C-4C9C-A218-891A8F55559C}.Release|Mixed Platforms.ActiveCfg = Release|Any CPU
		{242D0738-AA4C-4C9C-A218-891A8F55559C}.Release|Mixed Platforms.Build.0 = Release|Any CPU
		{242D0738-AA4C-4C9C-A218-891A8F55559C}.Release|x86.ActiveCfg = Release|Any CPU
		{D77D314C-9671-47D9-B95C-4DAB17B194F6}.Debug|Any CPU.ActiveCfg = Debug|x86
		{D77D314C-9671-47D9-B95C-4DAB17B194F6}.Debug|Mixed Platforms.ActiveCfg = Debug|x86
		{D77D314C-9671-47D9-B95C-4DAB17B194F6}.Debug|Mixed Platforms.Build.0 = Debug|x86
		{D77D314C-9671-47D9-B95C-4DAB17B194F6}.Debug|x86.ActiveCfg = Debug|x86
		{D77D314C-9671-47D9-B95C-4DAB17B194F6}.Debug|x86.Build.0 = Debug|x86
		{D77D314C-9671-47D9-B95C-4DAB17B194F6}.Release|Any CPU.ActiveCfg = Release|x86
		{D77D314C-9671-47D9-B95C-4DAB17B194F6}.Release|Mixed Platforms.ActiveCfg = Release|x86
		{D77D314C-9671-47D9-B95C-4DAB17B194F6}.Release|Mixed Platforms.Build.0 = Release|x86
		{D77D314C-9671-47D9-B95C-4DAB17B194F6}.Release|x86.ActiveCfg = Release|x86
		{D77D314C-9671-47D9-B95C-4DAB17B194F6}.Release|x86.Build.0 = Release|x86
		{93A83F4D-07BA-4978-A442-3BA668915A88}.Debug|Any CPU.ActiveCfg = Debug|x86
		{93A83F4D-07BA-4978-A442-3BA668915A88}.Debug|Mixed Platforms.ActiveCfg = Debug|x86
		{93A83F4D-07BA-4978-A442-3BA668915A88}.Debug|Mixed Platforms.Build.0 = Debug|x86
		{93A83F4D-07BA-4978-A442-3BA668915A88}.Debug|x86.ActiveCfg = Debug|x86
		{93A83F4D-07BA-4978-A442-3BA668915A88}.Debug|x86.Build.0 = Debug|x86
		{93A83F4D-07BA-4978-A442-3BA668915A88}.Release|Any CPU.ActiveCfg = Release|x86
		{93A83F4D-07BA-4978-A442-3BA668915A88}.Release|Mixed Platforms.ActiveCfg = Release|x86
		{93A83F4D-07BA-4978-A442-3BA668915A88}.Release|Mixed Platforms.Build.0 = Release|x86
		{93A83F4D-07BA-4978-A442-3BA668915A88}.Release|x86.ActiveCfg = Release|x86
		{93A83F4D-07BA-4978-A442-3BA668915A88}.Release|x86.Build.0 = Release|x86
	EndGlobalSection
	GlobalSection(SolutionProperties) = preSolution
		HideSolutionNode = FALSE
	EndGlobalSection
	GlobalSection(NestedProjects) = preSolution
		{C98A6CD6-9422-4B35-8B7A-F520D75534D1} = {1AA13AD7-C892-4FC1-8244-6ADD1DF2C655}
		{5162A9FB-4DE1-4BBF-B7A2-5E8116AB0D26} = {1AA13AD7-C892-4FC1-8244-6ADD1DF2C655}
		{242D0738-AA4C-4C9C-A218-891A8F55559C} = {1AA13AD7-C892-4FC1-8244-6ADD1DF2C655}
	EndGlobalSection
EndGlobal
